// !$*UTF8*$!
{
	archiveVersion = 1;
	classes = {
	};
	objectVersion = 55;
	objects = {

/* Begin PBXBuildFile section */
		BD6FE46D28AB74BC00017AB6 /* CompleteToDoViewController.swift in Sources */ = {isa = PBXBuildFile; fileRef = BD6FE46C28AB74BC00017AB6 /* CompleteToDoViewController.swift */; };
		BDDE28F628AB551C00CA0FE0 /* AppDelegate.swift in Sources */ = {isa = PBXBuildFile; fileRef = BDDE28F528AB551C00CA0FE0 /* AppDelegate.swift */; };
		BDDE28F828AB551C00CA0FE0 /* SceneDelegate.swift in Sources */ = {isa = PBXBuildFile; fileRef = BDDE28F728AB551C00CA0FE0 /* SceneDelegate.swift */; };
		BDDE28FA28AB551C00CA0FE0 /* ViewController.swift in Sources */ = {isa = PBXBuildFile; fileRef = BDDE28F928AB551C00CA0FE0 /* ViewController.swift */; };
		BDDE28FD28AB551C00CA0FE0 /* Main.storyboard in Resources */ = {isa = PBXBuildFile; fileRef = BDDE28FB28AB551C00CA0FE0 /* Main.storyboard */; };
		BDDE290028AB551C00CA0FE0 /* ToDoListApp.xcdatamodeld in Sources */ = {isa = PBXBuildFile; fileRef = BDDE28FE28AB551C00CA0FE0 /* ToDoListApp.xcdatamodeld */; };
		BDDE290228AB551C00CA0FE0 /* Assets.xcassets in Resources */ = {isa = PBXBuildFile; fileRef = BDDE290128AB551C00CA0FE0 /* Assets.xcassets */; };
		BDDE290528AB551C00CA0FE0 /* LaunchScreen.storyboard in Resources */ = {isa = PBXBuildFile; fileRef = BDDE290328AB551C00CA0FE0 /* LaunchScreen.storyboard */; };
		BDE724FD28AB5A0C003B66E4 /* ToDoTableViewController.swift in Sources */ = {isa = PBXBuildFile; fileRef = BDE724FC28AB5A0C003B66E4 /* ToDoTableViewController.swift */; };
		BDE724FF28AB5A6B003B66E4 /* ToDo.swift in Sources */ = {isa = PBXBuildFile; fileRef = BDE724FE28AB5A6B003B66E4 /* ToDo.swift */; };
		BDE7250128AB65C9003B66E4 /* AddToDoViewController.swift in Sources */ = {isa = PBXBuildFile; fileRef = BDE7250028AB65C8003B66E4 /* AddToDoViewController.swift */; };
/* End PBXBuildFile section */

/* Begin PBXFileReference section */
		BD6FE46C28AB74BC00017AB6 /* CompleteToDoViewController.swift */ = {isa = PBXFileReference; lastKnownFileType = sourcecode.swift; path = CompleteToDoViewController.swift; sourceTree = "<group>"; };
		BDDE28F228AB551C00CA0FE0 /* ToDoListApp.app */ = {isa = PBXFileReference; explicitFileType = wrapper.application; includeInIndex = 0; path = ToDoListApp.app; sourceTree = BUILT_PRODUCTS_DIR; };
		BDDE28F528AB551C00CA0FE0 /* AppDelegate.swift */ = {isa = PBXFileReference; lastKnownFileType = sourcecode.swift; path = AppDelegate.swift; sourceTree = "<group>"; };
		BDDE28F728AB551C00CA0FE0 /* SceneDelegate.swift */ = {isa = PBXFileReference; lastKnownFileType = sourcecode.swift; path = SceneDelegate.swift; sourceTree = "<group>"; };
		BDDE28F928AB551C00CA0FE0 /* ViewController.swift */ = {isa = PBXFileReference; lastKnownFileType = sourcecode.swift; path = ViewController.swift; sourceTree = "<group>"; };
		BDDE28FC28AB551C00CA0FE0 /* Base */ = {isa = PBXFileReference; lastKnownFileType = file.storyboard; name = Base; path = Base.lproj/Main.storyboard; sourceTree = "<group>"; };
		BDDE28FF28AB551C00CA0FE0 /* ToDoListApp.xcdatamodel */ = {isa = PBXFileReference; lastKnownFileType = wrapper.xcdatamodel; path = ToDoListApp.xcdatamodel; sourceTree = "<group>"; };
		BDDE290128AB551C00CA0FE0 /* Assets.xcassets */ = {isa = PBXFileReference; lastKnownFileType = folder.assetcatalog; path = Assets.xcassets; sourceTree = "<group>"; };
		BDDE290428AB551C00CA0FE0 /* Base */ = {isa = PBXFileReference; lastKnownFileType = file.storyboard; name = Base; path = Base.lproj/LaunchScreen.storyboard; sourceTree = "<group>"; };
		BDDE290628AB551C00CA0FE0 /* Info.plist */ = {isa = PBXFileReference; lastKnownFileType = text.plist.xml; path = Info.plist; sourceTree = "<group>"; };
		BDE724FC28AB5A0C003B66E4 /* ToDoTableViewController.swift */ = {isa = PBXFileReference; lastKnownFileType = sourcecode.swift; path = ToDoTableViewController.swift; sourceTree = "<group>"; };
		BDE724FE28AB5A6B003B66E4 /* ToDo.swift */ = {isa = PBXFileReference; lastKnownFileType = sourcecode.swift; path = ToDo.swift; sourceTree = "<group>"; };
		BDE7250028AB65C8003B66E4 /* AddToDoViewController.swift */ = {isa = PBXFileReference; lastKnownFileType = sourcecode.swift; path = AddToDoViewController.swift; sourceTree = "<group>"; };
/* End PBXFileReference section */

/* Begin PBXFrameworksBuildPhase section */
		BDDE28EF28AB551C00CA0FE0 /* Frameworks */ = {
			isa = PBXFrameworksBuildPhase;
			buildActionMask = 2147483647;
			files = (
			);
			runOnlyForDeploymentPostprocessing = 0;
		};
/* End PBXFrameworksBuildPhase section */

/* Begin PBXGroup section */
		BDDE28E928AB551C00CA0FE0 = {
			isa = PBXGroup;
			children = (
				BDDE28F428AB551C00CA0FE0 /* ToDoListApp */,
				BDDE28F328AB551C00CA0FE0 /* Products */,
			);
			sourceTree = "<group>";
		};
		BDDE28F328AB551C00CA0FE0 /* Products */ = {
			isa = PBXGroup;
			children = (
				BDDE28F228AB551C00CA0FE0 /* ToDoListApp.app */,
			);
			name = Products;
			sourceTree = "<group>";
		};
		BDDE28F428AB551C00CA0FE0 /* ToDoListApp */ = {
			isa = PBXGroup;
			children = (
				BDDE28F528AB551C00CA0FE0 /* AppDelegate.swift */,
				BDDE28F728AB551C00CA0FE0 /* SceneDelegate.swift */,
				BDDE28F928AB551C00CA0FE0 /* ViewController.swift */,
				BDDE28FB28AB551C00CA0FE0 /* Main.storyboard */,
				BDDE290128AB551C00CA0FE0 /* Assets.xcassets */,
				BDDE290328AB551C00CA0FE0 /* LaunchScreen.storyboard */,
				BDDE290628AB551C00CA0FE0 /* Info.plist */,
				BDDE28FE28AB551C00CA0FE0 /* ToDoListApp.xcdatamodeld */,
				BDE724FC28AB5A0C003B66E4 /* ToDoTableViewController.swift */,
				BDE724FE28AB5A6B003B66E4 /* ToDo.swift */,
				BDE7250028AB65C8003B66E4 /* AddToDoViewController.swift */,
				BD6FE46C28AB74BC00017AB6 /* CompleteToDoViewController.swift */,
			);
			path = ToDoListApp;
			sourceTree = "<group>";
		};
/* End PBXGroup section */

/* Begin PBXNativeTarget section */
		BDDE28F128AB551C00CA0FE0 /* ToDoListApp */ = {
			isa = PBXNativeTarget;
			buildConfigurationList = BDDE290928AB551C00CA0FE0 /* Build configuration list for PBXNativeTarget "ToDoListApp" */;
			buildPhases = (
				BDDE28EE28AB551C00CA0FE0 /* Sources */,
				BDDE28EF28AB551C00CA0FE0 /* Frameworks */,
				BDDE28F028AB551C00CA0FE0 /* Resources */,
			);
			buildRules = (
			);
			dependencies = (
			);
			name = ToDoListApp;
			productName = ToDoListApp;
			productReference = BDDE28F228AB551C00CA0FE0 /* ToDoListApp.app */;
			productType = "com.apple.product-type.application";
		};
/* End PBXNativeTarget section */

/* Begin PBXProject section */
		BDDE28EA28AB551C00CA0FE0 /* Project object */ = {
			isa = PBXProject;
			attributes = {
				BuildIndependentTargetsInParallel = 1;
				LastSwiftUpdateCheck = 1340;
				LastUpgradeCheck = 1340;
				TargetAttributes = {
					BDDE28F128AB551C00CA0FE0 = {
						CreatedOnToolsVersion = 13.4.1;
					};
				};
			};
			buildConfigurationList = BDDE28ED28AB551C00CA0FE0 /* Build configuration list for PBXProject "ToDoListApp" */;
			compatibilityVersion = "Xcode 13.0";
			developmentRegion = en;
			hasScannedForEncodings = 0;
			knownRegions = (
				en,
				Base,
			);
			mainGroup = BDDE28E928AB551C00CA0FE0;
			productRefGroup = BDDE28F328AB551C00CA0FE0 /* Products */;
			projectDirPath = "";
			projectRoot = "";
			targets = (
				BDDE28F128AB551C00CA0FE0 /* ToDoListApp */,
			);
		};
/* End PBXProject section */

/* Begin PBXResourcesBuildPhase section */
		BDDE28F028AB551C00CA0FE0 /* Resources */ = {
			isa = PBXResourcesBuildPhase;
			buildActionMask = 2147483647;
			files = (
				BDDE290528AB551C00CA0FE0 /* LaunchScreen.storyboard in Resources */,
				BDDE290228AB551C00CA0FE0 /* Assets.xcassets in Resources */,
				BDDE28FD28AB551C00CA0FE0 /* Main.storyboard in Resources */,
			);
			runOnlyForDeploymentPostprocessing = 0;
		};
/* End PBXResourcesBuildPhase section */

/* Begin PBXSourcesBuildPhase section */
		BDDE28EE28AB551C00CA0FE0 /* Sources */ = {
			isa = PBXSourcesBuildPhase;
			buildActionMask = 2147483647;
			files = (
				BDDE28FA28AB551C00CA0FE0 /* ViewController.swift in Sources */,
				BDDE28F628AB551C00CA0FE0 /* AppDelegate.swift in Sources */,
				BD6FE46D28AB74BC00017AB6 /* CompleteToDoViewController.swift in Sources */,
				BDDE28F828AB551C00CA0FE0 /* SceneDelegate.swift in Sources */,
				BDE724FF28AB5A6B003B66E4 /* ToDo.swift in Sources */,
				BDE7250128AB65C9003B66E4 /* AddToDoViewController.swift in Sources */,
				BDDE290028AB551C00CA0FE0 /* ToDoListApp.xcdatamodeld in Sources */,
				BDE724FD28AB5A0C003B66E4 /* ToDoTableViewController.swift in Sources */,
			);
			runOnlyForDeploymentPostprocessing = 0;
		};
/* End PBXSourcesBuildPhase section */

/* Begin PBXVariantGroup section */
		BDDE28FB28AB551C00CA0FE0 /* Main.storyboard */ = {
			isa = PBXVariantGroup;
			children = (
				BDDE28FC28AB551C00CA0FE0 /* Base */,
			);
			name = Main.storyboard;
			sourceTree = "<group>";
		};
		BDDE290328AB551C00CA0FE0 /* LaunchScreen.storyboard */ = {
			isa = PBXVariantGroup;
			children = (
				BDDE290428AB551C00CA0FE0 /* Base */,
			);
			name = LaunchScreen.storyboard;
			sourceTree = "<group>";
		};
/* End PBXVariantGroup section */

/* Begin XCBuildConfiguration section */
		BDDE290728AB551C00CA0FE0 /* Debug */ = {
			isa = XCBuildConfiguration;
			buildSettings = {
				ALWAYS_SEARCH_USER_PATHS = NO;
				CLANG_ANALYZER_NONNULL = YES;
				CLANG_ANALYZER_NUMBER_OBJECT_CONVERSION = YES_AGGRESSIVE;
				CLANG_CXX_LANGUAGE_STANDARD = "gnu++17";
				CLANG_ENABLE_MODULES = YES;
				CLANG_ENABLE_OBJC_ARC = YES;
				CLANG_ENABLE_OBJC_WEAK = YES;
				CLANG_WARN_BLOCK_CAPTURE_AUTORELEASING = YES;
				CLANG_WARN_BOOL_CONVERSION = YES;
				CLANG_WARN_COMMA = YES;
				CLANG_WARN_CONSTANT_CONVERSION = YES;
				CLANG_WARN_DEPRECATED_OBJC_IMPLEMENTATIONS = YES;
				CLANG_WARN_DIRECT_OBJC_ISA_USAGE = YES_ERROR;
				CLANG_WARN_DOCUMENTATION_COMMENTS = YES;
				CLANG_WARN_EMPTY_BODY = YES;
				CLANG_WARN_ENUM_CONVERSION = YES;
				CLANG_WARN_INFINITE_RECURSION = YES;
				CLANG_WARN_INT_CONVERSION = YES;
				CLANG_WARN_NON_LITERAL_NULL_CONVERSION = YES;
				CLANG_WARN_OBJC_IMPLICIT_RETAIN_SELF = YES;
				CLANG_WARN_OBJC_LITERAL_CONVERSION = YES;
				CLANG_WARN_OBJC_ROOT_CLASS = YES_ERROR;
				CLANG_WARN_QUOTED_INCLUDE_IN_FRAMEWORK_HEADER = YES;
				CLANG_WARN_RANGE_LOOP_ANALYSIS = YES;
				CLANG_WARN_STRICT_PROTOTYPES = YES;
				CLANG_WARN_SUSPICIOUS_MOVE = YES;
				CLANG_WARN_UNGUARDED_AVAILABILITY = YES_AGGRESSIVE;
				CLANG_WARN_UNREACHABLE_CODE = YES;
				CLANG_WARN__DUPLICATE_METHOD_MATCH = YES;
				COPY_PHASE_STRIP = NO;
				DEBUG_INFORMATION_FORMAT = dwarf;
				ENABLE_STRICT_OBJC_MSGSEND = YES;
				ENABLE_TESTABILITY = YES;
				GCC_C_LANGUAGE_STANDARD = gnu11;
				GCC_DYNAMIC_NO_PIC = NO;
				GCC_NO_COMMON_BLOCKS = YES;
				GCC_OPTIMIZATION_LEVEL = 0;
				GCC_PREPROCESSOR_DEFINITIONS = (
					"DEBUG=1",
					"$(inherited)",
				);
				GCC_WARN_64_TO_32_BIT_CONVERSION = YES;
				GCC_WARN_ABOUT_RETURN_TYPE = YES_ERROR;
				GCC_WARN_UNDECLARED_SELECTOR = YES;
				GCC_WARN_UNINITIALIZED_AUTOS = YES_AGGRESSIVE;
				GCC_WARN_UNUSED_FUNCTION = YES;
				GCC_WARN_UNUSED_VARIABLE = YES;
				IPHONEOS_DEPLOYMENT_TARGET = 15.5;
				MTL_ENABLE_DEBUG_INFO = INCLUDE_SOURCE;
				MTL_FAST_MATH = YES;
				ONLY_ACTIVE_ARCH = YES;
				SDKROOT = iphoneos;
				SWIFT_ACTIVE_COMPILATION_CONDITIONS = DEBUG;
				SWIFT_OPTIMIZATION_LEVEL = "-Onone";
			};
			name = Debug;
		};
		BDDE290828AB551C00CA0FE0 /* Release */ = {
			isa = XCBuildConfiguration;
			buildSettings = {
				ALWAYS_SEARCH_USER_PATHS = NO;
				CLANG_ANALYZER_NONNULL = YES;
				CLANG_ANALYZER_NUMBER_OBJECT_CONVERSION = YES_AGGRESSIVE;
				CLANG_CXX_LANGUAGE_STANDARD = "gnu++17";
				CLANG_ENABLE_MODULES = YES;
				CLANG_ENABLE_OBJC_ARC = YES;
				CLANG_ENABLE_OBJC_WEAK = YES;
				CLANG_WARN_BLOCK_CAPTURE_AUTORELEASING = YES;
				CLANG_WARN_BOOL_CONVERSION = YES;
				CLANG_WARN_COMMA = YES;
				CLANG_WARN_CONSTANT_CONVERSION = YES;
				CLANG_WARN_DEPRECATED_OBJC_IMPLEMENTATIONS = YES;
				CLANG_WARN_DIRECT_OBJC_ISA_USAGE = YES_ERROR;
				CLANG_WARN_DOCUMENTATION_COMMENTS = YES;
				CLANG_WARN_EMPTY_BODY = YES;
				CLANG_WARN_ENUM_CONVERSION = YES;
				CLANG_WARN_INFINITE_RECURSION = YES;
				CLANG_WARN_INT_CONVERSION = YES;
				CLANG_WARN_NON_LITERAL_NULL_CONVERSION = YES;
				CLANG_WARN_OBJC_IMPLICIT_RETAIN_SELF = YES;
				CLANG_WARN_OBJC_LITERAL_CONVERSION = YES;
				CLANG_WARN_OBJC_ROOT_CLASS = YES_ERROR;
				CLANG_WARN_QUOTED_INCLUDE_IN_FRAMEWORK_HEADER = YES;
				CLANG_WARN_RANGE_LOOP_ANALYSIS = YES;
				CLANG_WARN_STRICT_PROTOTYPES = YES;
				CLANG_WARN_SUSPICIOUS_MOVE = YES;
				CLANG_WARN_UNGUARDED_AVAILABILITY = YES_AGGRESSIVE;
				CLANG_WARN_UNREACHABLE_CODE = YES;
				CLANG_WARN__DUPLICATE_METHOD_MATCH = YES;
				COPY_PHASE_STRIP = NO;
				DEBUG_INFORMATION_FORMAT = "dwarf-with-dsym";
				ENABLE_NS_ASSERTIONS = NO;
				ENABLE_STRICT_OBJC_MSGSEND = YES;
				GCC_C_LANGUAGE_STANDARD = gnu11;
				GCC_NO_COMMON_BLOCKS = YES;
				GCC_WARN_64_TO_32_BIT_CONVERSION = YES;
				GCC_WARN_ABOUT_RETURN_TYPE = YES_ERROR;
				GCC_WARN_UNDECLARED_SELECTOR = YES;
				GCC_WARN_UNINITIALIZED_AUTOS = YES_AGGRESSIVE;
				GCC_WARN_UNUSED_FUNCTION = YES;
				GCC_WARN_UNUSED_VARIABLE = YES;
				IPHONEOS_DEPLOYMENT_TARGET = 15.5;
				MTL_ENABLE_DEBUG_INFO = NO;
				MTL_FAST_MATH = YES;
				SDKROOT = iphoneos;
				SWIFT_COMPILATION_MODE = wholemodule;
				SWIFT_OPTIMIZATION_LEVEL = "-O";
				VALIDATE_PRODUCT = YES;
			};
			name = Release;
		};
		BDDE290A28AB551C00CA0FE0 /* Debug */ = {
			isa = XCBuildConfiguration;
			buildSettings = {
				ASSETCATALOG_COMPILER_APPICON_NAME = AppIcon;
				ASSETCATALOG_COMPILER_GLOBAL_ACCENT_COLOR_NAME = AccentColor;
				CODE_SIGN_STYLE = Automatic;
				CURRENT_PROJECT_VERSION = 1;
				DEVELOPMENT_TEAM = HQAUAMB28C;
				GENERATE_INFOPLIST_FILE = YES;
				INFOPLIST_FILE = ToDoListApp/Info.plist;
				INFOPLIST_KEY_UIApplicationSupportsIndirectInputEvents = YES;
				INFOPLIST_KEY_UILaunchStoryboardName = LaunchScreen;
				INFOPLIST_KEY_UIMainStoryboardFile = Main;
				INFOPLIST_KEY_UISupportedInterfaceOrientations_iPad = "UIInterfaceOrientationPortrait UIInterfaceOrientationPortraitUpsideDown UIInterfaceOrientationLandscapeLeft UIInterfaceOrientationLandscapeRight";
				INFOPLIST_KEY_UISupportedInterfaceOrientations_iPhone = "UIInterfaceOrientationPortrait UIInterfaceOrientationLandscapeLeft UIInterfaceOrientationLandscapeRight";
				LD_RUNPATH_SEARCH_PATHS = (
					"$(inherited)",
					"@executable_path/Frameworks",
				);
				MARKETING_VERSION = 1.0;
				PRODUCT_BUNDLE_IDENTIFIER = anginel.ToDoListApp;
				PRODUCT_NAME = "$(TARGET_NAME)";
				SWIFT_EMIT_LOC_STRINGS = YES;
				SWIFT_VERSION = 5.0;
				TARGETED_DEVICE_FAMILY = "1,2";
			};
			name = Debug;
		};
		BDDE290B28AB551C00CA0FE0 /* Release */ = {
			isa = XCBuildConfiguration;
			buildSettings = {
				ASSETCATALOG_COMPILER_APPICON_NAME = AppIcon;
				ASSETCATALOG_COMPILER_GLOBAL_ACCENT_COLOR_NAME = AccentColor;
				CODE_SIGN_STYLE = Automatic;
				CURRENT_PROJECT_VERSION = 1;
				DEVELOPMENT_TEAM = HQAUAMB28C;
				GENERATE_INFOPLIST_FILE = YES;
				INFOPLIST_FILE = ToDoListApp/Info.plist;
				INFOPLIST_KEY_UIApplicationSupportsIndirectInputEvents = YES;
				INFOPLIST_KEY_UILaunchStoryboardName = LaunchScreen;
				INFOPLIST_KEY_UIMainStoryboardFile = Main;
				INFOPLIST_KEY_UISupportedInterfaceOrientations_iPad = "UIInterfaceOrientationPortrait UIInterfaceOrientationPortraitUpsideDown UIInterfaceOrientationLandscapeLeft UIInterfaceOrientationLandscapeRight";
				INFOPLIST_KEY_UISupportedInterfaceOrientations_iPhone = "UIInterfaceOrientationPortrait UIInterfaceOrientationLandscapeLeft UIInterfaceOrientationLandscapeRight";
				LD_RUNPATH_SEARCH_PATHS = (
					"$(inherited)",
					"@executable_path/Frameworks",
				);
				MARKETING_VERSION = 1.0;
				PRODUCT_BUNDLE_IDENTIFIER = anginel.ToDoListApp;
				PRODUCT_NAME = "$(TARGET_NAME)";
				SWIFT_EMIT_LOC_STRINGS = YES;
				SWIFT_VERSION = 5.0;
				TARGETED_DEVICE_FAMILY = "1,2";
			};
			name = Release;
		};
/* End XCBuildConfiguration section */

/* Begin XCConfigurationList section */
		BDDE28ED28AB551C00CA0FE0 /* Build configuration list for PBXProject "ToDoListApp" */ = {
			isa = XCConfigurationList;
			buildConfigurations = (
				BDDE290728AB551C00CA0FE0 /* Debug */,
				BDDE290828AB551C00CA0FE0 /* Release */,
			);
			defaultConfigurationIsVisible = 0;
			defaultConfigurationName = Release;
		};
		BDDE290928AB551C00CA0FE0 /* Build configuration list for PBXNativeTarget "ToDoListApp" */ = {
			isa = XCConfigurationList;
			buildConfigurations = (
				BDDE290A28AB551C00CA0FE0 /* Debug */,
				BDDE290B28AB551C00CA0FE0 /* Release */,
			);
			defaultConfigurationIsVisible = 0;
			defaultConfigurationName = Release;
		};
/* End XCConfigurationList section */

/* Begin XCVersionGroup section */
		BDDE28FE28AB551C00CA0FE0 /* ToDoListApp.xcdatamodeld */ = {
			isa = XCVersionGroup;
			children = (
				BDDE28FF28AB551C00CA0FE0 /* ToDoListApp.xcdatamodel */,
			);
			currentVersion = BDDE28FF28AB551C00CA0FE0 /* ToDoListApp.xcdatamodel */;
			path = ToDoListApp.xcdatamodeld;
			sourceTree = "<group>";
			versionGroupType = wrapper.xcdatamodel;
		};
/* End XCVersionGroup section */
	};
	rootObject = BDDE28EA28AB551C00CA0FE0 /* Project object */;
}
